{
  "pins" : [
    {
      "identity" : "swift-cmark",
      "kind" : "remoteSourceControl",
      "location" : "https://github.com/apple/swift-cmark",
      "state" : {
        "branch" : "release/5.9.1",
        "revision" : "f218e5d7691f78b55bfa39b367763f4612486c35"
      }
    }
  ],
  "version" : 2
}
